// !$*UTF8*$!
{
	archiveVersion = 1;
	classes = {
	};
	objectVersion = 46;
	objects = {
/* Begin PBXBuildFile section */
		018680467BB34AA29E5BB699 /* CDVConnection.m in Sources */ = {isa = PBXBuildFile; fileRef = B7305099D7DC4E35AE9F7013 /* CDVConnection.m */; };
		0CAC460A0E324B37A46F08CC /* CDVSplashScreen.m in Sources */ = {isa = PBXBuildFile; fileRef = F2DD706EC1E342A8ADFC8BEA /* CDVSplashScreen.m */; };
		1AD302744BBF45FC813E85C1 /* SystemConfiguration.framework in Frameworks */ = {isa = PBXBuildFile; fileRef = EDE00D39AC2041D6A2F9FE12 /* SystemConfiguration.framework */; settings = {ATTRIBUTES = (Weak, ); }; };
		1D3623260D0F684500981E51 /* AppDelegate.m in Sources */ = {isa = PBXBuildFile; fileRef = 1D3623250D0F684500981E51 /* AppDelegate.m */; };
		1D60589B0D05DD56006BFB54 /* main.m in Sources */ = {isa = PBXBuildFile; fileRef = 29B97316FDCFA39411CA2CEA /* main.m */; };
		2457EFBB1B98036100B01797 /* Images.xcassets in Resources */ = {isa = PBXBuildFile; fileRef = 2457EFBA1B98036100B01797 /* Images.xcassets */; };
		2482727D1BBBCB7200B477BE /* InfoPlist.strings in Resources */ = {isa = PBXBuildFile; fileRef = 2482727F1BBBCB7200B477BE /* InfoPlist.strings */; };
		288765FD0DF74451002DB57D /* CoreGraphics.framework in Frameworks */ = {isa = PBXBuildFile; fileRef = 288765FC0DF74451002DB57D /* CoreGraphics.framework */; };
		2FE6060294A44088A3B15644 /* UIWebViewExtension.m in Sources */ = {isa = PBXBuildFile; fileRef = 61551C35E5C54BE8B125006B /* UIWebViewExtension.m */; };
		301BF552109A68D80062928A /* libCordova.a in Frameworks */ = {isa = PBXBuildFile; fileRef = 301BF535109A57CC0062928A /* libCordova.a */; };
		302D95F114D2391D003F00A1 /* MainViewController.m in Sources */ = {isa = PBXBuildFile; fileRef = 302D95EF14D2391D003F00A1 /* MainViewController.m */; };
		302D95F214D2391D003F00A1 /* MainViewController.xib in Resources */ = {isa = PBXBuildFile; fileRef = 302D95F014D2391D003F00A1 /* MainViewController.xib */; };
		305D5FD1115AB8F900A74A75 /* MobileCoreServices.framework in Frameworks */ = {isa = PBXBuildFile; fileRef = 305D5FD0115AB8F900A74A75 /* MobileCoreServices.framework */; };
		4A09C606C7F241E482A075C8 /* AppDelegate+CDVLocationManager.m in Sources */ = {isa = PBXBuildFile; fileRef = CC5C6DF260C842FB9D2C60FA /* AppDelegate+CDVLocationManager.m */; };
		4BCFBD0F90A34AF5B22545E5 /* LMLogger.m in Sources */ = {isa = PBXBuildFile; fileRef = 01526467E62443F18531FD92 /* LMLogger.m */; };
		4F6942D58187451EA784C817 /* CDVReachability.m in Sources */ = {isa = PBXBuildFile; fileRef = 7BA0A6C716434239A3EE845E /* CDVReachability.m */; };
		5B1594DD16A7569C00FEF299 /* AssetsLibrary.framework in Frameworks */ = {isa = PBXBuildFile; fileRef = 5B1594DC16A7569C00FEF299 /* AssetsLibrary.framework */; };
		69ABB0AFF598493F9F745A10 /* CDVInAppBrowser.m in Sources */ = {isa = PBXBuildFile; fileRef = CC03D46C196749F2B90961A1 /* CDVInAppBrowser.m */; };
		6D3C9308881B40BEBEBE7C2D /* IonicKeyboard.m in Sources */ = {isa = PBXBuildFile; fileRef = 13A122CD08EF4F649FA811FB /* IonicKeyboard.m */; };
		776A778BCAA14EC1844DCE14 /* CoreLocation.framework in Frameworks */ = {isa = PBXBuildFile; fileRef = 38AA41DEE4354828B155E09A /* CoreLocation.framework */; };
		7E542307985A421BA511C39D /* CDVViewController+SplashScreen.m in Sources */ = {isa = PBXBuildFile; fileRef = 7FDB160D28C34510BF314CF4 /* CDVViewController+SplashScreen.m */; };
		800351DEB3E241D0A861200D /* BluetoothStatus.m in Sources */ = {isa = PBXBuildFile; fileRef = 45A0ECB52E9C47378D6D27D0 /* BluetoothStatus.m */; };
		91C86B875CB64B0AAB923EDF /* CDVDevice.m in Sources */ = {isa = PBXBuildFile; fileRef = 48D462956309431E995E6FDB /* CDVDevice.m */; };
		9F68709A476D4DC89AF9029D /* CoreBluetooth.framework in Frameworks */ = {isa = PBXBuildFile; fileRef = 9CCB303AF752430C954E2D12 /* CoreBluetooth.framework */; };
		A6B07E686A644E54843C6D1A /* CDVLocationManager.m in Sources */ = {isa = PBXBuildFile; fileRef = 196A654E1FFF48EDB91316F2 /* CDVLocationManager.m */; };
		A84464C09A8C4FF6B7FC002E /* CDVCompass.m in Sources */ = {isa = PBXBuildFile; fileRef = C35C9B1B59A94F0290452817 /* CDVCompass.m */; };
		065A7C06CA9943DBA64D2604 /* GCDWebServer.framework in Frameworks */ = {isa = PBXBuildFile; fileRef = BE2618D063C94AFFA9A4CCAA /* GCDWebServer.framework */; };
		B3B909F7B3C042E0B27DC509 /* libz.dylib in Frameworks */ = {isa = PBXBuildFile; fileRef = 19F43D9C4C434FE0BC471F8F /* libz.dylib */; };
		70F91F79C7D94B5788FED1E6 /* CFNetwork.framework in Frameworks */ = {isa = PBXBuildFile; fileRef = D8C6DC17BC4A4E3085F35493 /* CFNetwork.framework */; };
		6D7F0F802B634B55B4ACE9FE /* MyMainViewController.m in Sources */ = {isa = PBXBuildFile; fileRef = 976C42CC5EB44CBFBA8F5844 /* MyMainViewController.m */; };
		C6781C2DFD494B62BFDBBD6A /* AppDelegate+WKWebViewPolyfill.m in Sources */ = {isa = PBXBuildFile; fileRef = A8C4BAB76E464F00A00ECC98 /* AppDelegate+WKWebViewPolyfill.m */; };
		199AD384A7E64E908E0F3F27 /* ReroutingUIWebView.m in Sources */ = {isa = PBXBuildFile; fileRef = E962FCE745F64629ACCC6999 /* ReroutingUIWebView.m */; };
		7C762FD3AC874DA798DCB383 /* CDVWebViewOperationsDelegate.m in Sources */ = {isa = PBXBuildFile; fileRef = B63C0CF905E84465A9EDB770 /* CDVWebViewOperationsDelegate.m */; };
		15A97B7EF02E43B8AC3845B8 /* CDVWebViewUIDelegate.m in Sources */ = {isa = PBXBuildFile; fileRef = 5684BE59FFF744D4B9E9A961 /* CDVWebViewUIDelegate.m */; };
		E320F0F7376246FF881715BB /* WebKit.framework in Frameworks */ = {isa = PBXBuildFile; fileRef = E16AC74F746E460D84DF1CD0 /* WebKit.framework */; };
/* End PBXBuildFile section */

/* Begin PBXContainerItemProxy section */
		301BF534109A57CC0062928A /* PBXContainerItemProxy */ = {
			isa = PBXContainerItemProxy;
			containerPortal = 301BF52D109A57CC0062928A /* CordovaLib.xcodeproj */;
			proxyType = 2;
			remoteGlobalIDString = D2AAC07E0554694100DB518D;
			remoteInfo = CordovaLib;
		};
		301BF550109A68C00062928A /* PBXContainerItemProxy */ = {
			isa = PBXContainerItemProxy;
			containerPortal = 301BF52D109A57CC0062928A /* CordovaLib.xcodeproj */;
			proxyType = 1;
			remoteGlobalIDString = D2AAC07D0554694100DB518D;
			remoteInfo = CordovaLib;
		};
/* End PBXContainerItemProxy section */

/* Begin PBXFileReference section */
		01526467E62443F18531FD92 /* LMLogger.m */ = {isa = PBXFileReference; fileEncoding = 4; lastKnownFileType = sourcecode.c.objc; name = LMLogger.m; path = com.unarin.cordova.beacon/LMLogger.m; sourceTree = "<group>"; };
		05A6CB05B1EE4EEE9430F0F1 /* CDVCompass.h */ = {isa = PBXFileReference; fileEncoding = 4; lastKnownFileType = sourcecode.c.h; name = CDVCompass.h; path = "cordova-plugin-device-orientation/CDVCompass.h"; sourceTree = "<group>"; };
		0B4AF0B3F7B74B5481CCE50D /* CDVViewController+SplashScreen.h */ = {isa = PBXFileReference; fileEncoding = 4; lastKnownFileType = sourcecode.c.h; name = "CDVViewController+SplashScreen.h"; path = "cordova-plugin-splashscreen/CDVViewController+SplashScreen.h"; sourceTree = "<group>"; };
		13A122CD08EF4F649FA811FB /* IonicKeyboard.m */ = {isa = PBXFileReference; fileEncoding = 4; lastKnownFileType = sourcecode.c.objc; name = IonicKeyboard.m; path = com.ionic.keyboard/IonicKeyboard.m; sourceTree = "<group>"; };
		196A654E1FFF48EDB91316F2 /* CDVLocationManager.m */ = {isa = PBXFileReference; fileEncoding = 4; lastKnownFileType = sourcecode.c.objc; name = CDVLocationManager.m; path = com.unarin.cordova.beacon/CDVLocationManager.m; sourceTree = "<group>"; };
		1D3623240D0F684500981E51 /* AppDelegate.h */ = {isa = PBXFileReference; fileEncoding = 4; lastKnownFileType = sourcecode.c.h; path = AppDelegate.h; sourceTree = "<group>"; };
		1D3623250D0F684500981E51 /* AppDelegate.m */ = {isa = PBXFileReference; fileEncoding = 4; lastKnownFileType = sourcecode.c.objc; path = AppDelegate.m; sourceTree = "<group>"; };
		1D6058910D05DD3D006BFB54 /* Sabae Library Map.app */ = {isa = PBXFileReference; explicitFileType = wrapper.application; includeInIndex = 0; path = "Sabae Library Map.app"; sourceTree = BUILT_PRODUCTS_DIR; };
		2457EFBA1B98036100B01797 /* Images.xcassets */ = {isa = PBXFileReference; lastKnownFileType = folder.assetcatalog; path = Images.xcassets; sourceTree = "<group>"; };
		2482727E1BBBCB7200B477BE /* en */ = {isa = PBXFileReference; lastKnownFileType = text.plist.strings; name = en; path = en.lproj/InfoPlist.strings; sourceTree = "<group>"; };
		248272801BBBCB8200B477BE /* ja */ = {isa = PBXFileReference; lastKnownFileType = text.plist.strings; name = ja; path = ja.lproj/InfoPlist.strings; sourceTree = "<group>"; };
		288765FC0DF74451002DB57D /* CoreGraphics.framework */ = {isa = PBXFileReference; lastKnownFileType = wrapper.framework; name = CoreGraphics.framework; path = System/Library/Frameworks/CoreGraphics.framework; sourceTree = SDKROOT; };
		29B97316FDCFA39411CA2CEA /* main.m */ = {isa = PBXFileReference; fileEncoding = 4; lastKnownFileType = sourcecode.c.objc; path = main.m; sourceTree = "<group>"; };
		301BF52D109A57CC0062928A /* CordovaLib.xcodeproj */ = {isa = PBXFileReference; lastKnownFileType = "wrapper.pb-project"; name = CordovaLib.xcodeproj; path = CordovaLib/CordovaLib.xcodeproj; sourceTree = "<group>"; };
		301BF56E109A69640062928A /* www */ = {isa = PBXFileReference; lastKnownFileType = folder; path = www; sourceTree = SOURCE_ROOT; };
		302D95EE14D2391D003F00A1 /* MainViewController.h */ = {isa = PBXFileReference; fileEncoding = 4; lastKnownFileType = sourcecode.c.h; path = MainViewController.h; sourceTree = "<group>"; };
		302D95EF14D2391D003F00A1 /* MainViewController.m */ = {isa = PBXFileReference; fileEncoding = 4; lastKnownFileType = sourcecode.c.objc; path = MainViewController.m; sourceTree = "<group>"; };
		302D95F014D2391D003F00A1 /* MainViewController.xib */ = {isa = PBXFileReference; fileEncoding = 4; lastKnownFileType = file.xib; path = MainViewController.xib; sourceTree = "<group>"; };
		305D5FD0115AB8F900A74A75 /* MobileCoreServices.framework */ = {isa = PBXFileReference; lastKnownFileType = wrapper.framework; name = MobileCoreServices.framework; path = System/Library/Frameworks/MobileCoreServices.framework; sourceTree = SDKROOT; };
		32CA4F630368D1EE00C91783 /* Sabae Library Map-Prefix.pch */ = {isa = PBXFileReference; fileEncoding = 4; lastKnownFileType = sourcecode.c.h; path = "Sabae Library Map-Prefix.pch"; sourceTree = "<group>"; };
		38AA41DEE4354828B155E09A /* CoreLocation.framework */ = {isa = PBXFileReference; fileEncoding = 4; lastKnownFileType = wrapper.framework; name = CoreLocation.framework; path = System/Library/Frameworks/CoreLocation.framework; sourceTree = SDKROOT; };
		45A0ECB52E9C47378D6D27D0 /* BluetoothStatus.m */ = {isa = PBXFileReference; fileEncoding = 4; lastKnownFileType = sourcecode.c.objc; name = BluetoothStatus.m; path = "cordova-plugin-bluetooth-status/BluetoothStatus.m"; sourceTree = "<group>"; };
		48C8D2FB1069478CAF2A3DBE /* CDVConnection.h */ = {isa = PBXFileReference; fileEncoding = 4; lastKnownFileType = sourcecode.c.h; name = CDVConnection.h; path = "cordova-plugin-network-information/CDVConnection.h"; sourceTree = "<group>"; };
		48D462956309431E995E6FDB /* CDVDevice.m */ = {isa = PBXFileReference; fileEncoding = 4; lastKnownFileType = sourcecode.c.objc; name = CDVDevice.m; path = "cordova-plugin-device/CDVDevice.m"; sourceTree = "<group>"; };
		5B1594DC16A7569C00FEF299 /* AssetsLibrary.framework */ = {isa = PBXFileReference; lastKnownFileType = wrapper.framework; name = AssetsLibrary.framework; path = System/Library/Frameworks/AssetsLibrary.framework; sourceTree = SDKROOT; };
		61551C35E5C54BE8B125006B /* UIWebViewExtension.m */ = {isa = PBXFileReference; fileEncoding = 4; lastKnownFileType = sourcecode.c.objc; name = UIWebViewExtension.m; path = com.ionic.keyboard/UIWebViewExtension.m; sourceTree = "<group>"; };
		6229FBC31ED64A0F8655E8A4 /* CDVDevice.h */ = {isa = PBXFileReference; fileEncoding = 4; lastKnownFileType = sourcecode.c.h; name = CDVDevice.h; path = "cordova-plugin-device/CDVDevice.h"; sourceTree = "<group>"; };
		79F653C41184453FB315F602 /* CDVSplashScreen.h */ = {isa = PBXFileReference; fileEncoding = 4; lastKnownFileType = sourcecode.c.h; name = CDVSplashScreen.h; path = "cordova-plugin-splashscreen/CDVSplashScreen.h"; sourceTree = "<group>"; };
		7BA0A6C716434239A3EE845E /* CDVReachability.m */ = {isa = PBXFileReference; fileEncoding = 4; lastKnownFileType = sourcecode.c.objc; name = CDVReachability.m; path = "cordova-plugin-network-information/CDVReachability.m"; sourceTree = "<group>"; };
		7FDB160D28C34510BF314CF4 /* CDVViewController+SplashScreen.m */ = {isa = PBXFileReference; fileEncoding = 4; lastKnownFileType = sourcecode.c.objc; name = "CDVViewController+SplashScreen.m"; path = "cordova-plugin-splashscreen/CDVViewController+SplashScreen.m"; sourceTree = "<group>"; };
		8D1107310486CEB800E47090 /* Sabae Library Map-Info.plist */ = {isa = PBXFileReference; fileEncoding = 4; lastKnownFileType = text.plist.xml; name = "Sabae Library Map-Info.plist"; path = "../Sabae Library Map-Info.plist"; plistStructureDefinitionIdentifier = "com.apple.xcode.plist.structure-definition.iphone.info-plist"; sourceTree = "<group>"; };
		9CCB303AF752430C954E2D12 /* CoreBluetooth.framework */ = {isa = PBXFileReference; fileEncoding = 4; lastKnownFileType = wrapper.framework; name = CoreBluetooth.framework; path = System/Library/Frameworks/CoreBluetooth.framework; sourceTree = SDKROOT; };
		9DE8A24E71E6484A8807D70A /* CDVInAppBrowser.h */ = {isa = PBXFileReference; fileEncoding = 4; lastKnownFileType = sourcecode.c.h; name = CDVInAppBrowser.h; path = "cordova-plugin-inappbrowser/CDVInAppBrowser.h"; sourceTree = "<group>"; };
		B57658F93321492A879FFC64 /* UIWebViewExtension.h */ = {isa = PBXFileReference; fileEncoding = 4; lastKnownFileType = sourcecode.c.h; name = UIWebViewExtension.h; path = com.ionic.keyboard/UIWebViewExtension.h; sourceTree = "<group>"; };
		B7305099D7DC4E35AE9F7013 /* CDVConnection.m */ = {isa = PBXFileReference; fileEncoding = 4; lastKnownFileType = sourcecode.c.objc; name = CDVConnection.m; path = "cordova-plugin-network-information/CDVConnection.m"; sourceTree = "<group>"; };
		C35C9B1B59A94F0290452817 /* CDVCompass.m */ = {isa = PBXFileReference; fileEncoding = 4; lastKnownFileType = sourcecode.c.objc; name = CDVCompass.m; path = "cordova-plugin-device-orientation/CDVCompass.m"; sourceTree = "<group>"; };
		CC03D46C196749F2B90961A1 /* CDVInAppBrowser.m */ = {isa = PBXFileReference; fileEncoding = 4; lastKnownFileType = sourcecode.c.objc; name = CDVInAppBrowser.m; path = "cordova-plugin-inappbrowser/CDVInAppBrowser.m"; sourceTree = "<group>"; };
		CC5C6DF260C842FB9D2C60FA /* AppDelegate+CDVLocationManager.m */ = {isa = PBXFileReference; fileEncoding = 4; lastKnownFileType = sourcecode.c.objc; name = "AppDelegate+CDVLocationManager.m"; path = "com.unarin.cordova.beacon/AppDelegate+CDVLocationManager.m"; sourceTree = "<group>"; };
		D38C2BA3750B417EB6697DF7 /* CDVLocationManager.h */ = {isa = PBXFileReference; fileEncoding = 4; lastKnownFileType = sourcecode.c.h; name = CDVLocationManager.h; path = com.unarin.cordova.beacon/CDVLocationManager.h; sourceTree = "<group>"; };
		DE2CB127C463484EAFBAB674 /* AppDelegate+CDVLocationManager.h */ = {isa = PBXFileReference; fileEncoding = 4; lastKnownFileType = sourcecode.c.h; name = "AppDelegate+CDVLocationManager.h"; path = "com.unarin.cordova.beacon/AppDelegate+CDVLocationManager.h"; sourceTree = "<group>"; };
		E0E2ADDD922149D981394F9F /* IonicKeyboard.h */ = {isa = PBXFileReference; fileEncoding = 4; lastKnownFileType = sourcecode.c.h; name = IonicKeyboard.h; path = com.ionic.keyboard/IonicKeyboard.h; sourceTree = "<group>"; };
		EB87FDF21871DA7A0020F90C /* merges */ = {isa = PBXFileReference; lastKnownFileType = folder; name = merges; path = ../../merges; sourceTree = "<group>"; };
		EB87FDF31871DA8E0020F90C /* www */ = {isa = PBXFileReference; lastKnownFileType = folder; name = www; path = ../../www; sourceTree = "<group>"; };
		EB87FDF41871DAF40020F90C /* config.xml */ = {isa = PBXFileReference; lastKnownFileType = text.xml; name = config.xml; path = ../../config.xml; sourceTree = "<group>"; };
		EDE00D39AC2041D6A2F9FE12 /* SystemConfiguration.framework */ = {isa = PBXFileReference; fileEncoding = 4; lastKnownFileType = wrapper.framework; name = SystemConfiguration.framework; path = System/Library/Frameworks/SystemConfiguration.framework; sourceTree = SDKROOT; };
		EE727B9DBB8D4FBCB2DC33E1 /* CDVReachability.h */ = {isa = PBXFileReference; fileEncoding = 4; lastKnownFileType = sourcecode.c.h; name = CDVReachability.h; path = "cordova-plugin-network-information/CDVReachability.h"; sourceTree = "<group>"; };
		F0853FCA365E4F799CFD4442 /* LMLogger.h */ = {isa = PBXFileReference; fileEncoding = 4; lastKnownFileType = sourcecode.c.h; name = LMLogger.h; path = com.unarin.cordova.beacon/LMLogger.h; sourceTree = "<group>"; };
		F2DD706EC1E342A8ADFC8BEA /* CDVSplashScreen.m */ = {isa = PBXFileReference; fileEncoding = 4; lastKnownFileType = sourcecode.c.objc; name = CDVSplashScreen.m; path = "cordova-plugin-splashscreen/CDVSplashScreen.m"; sourceTree = "<group>"; };
		F840E1F0165FE0F500CFE078 /* config.xml */ = {isa = PBXFileReference; lastKnownFileType = text.xml; name = config.xml; path = "Sabae Library Map/config.xml"; sourceTree = "<group>"; };
		BE2618D063C94AFFA9A4CCAA /* GCDWebServer.framework */ = {isa = PBXFileReference; lastKnownFileType = wrapper.framework; name = "GCDWebServer.framework"; path = "Sabae Library Map/Plugins/cordova-plugin-webserver/GCDWebServer.framework"; sourceTree = "<group>"; };
		19F43D9C4C434FE0BC471F8F /* libz.dylib */ = {isa = PBXFileReference; lastKnownFileType = "compiled.mach-o.dylib"; name = "libz.dylib"; path = "usr/lib/libz.dylib"; sourceTree = SDKROOT; fileEncoding = 4; };
		D8C6DC17BC4A4E3085F35493 /* CFNetwork.framework */ = {isa = PBXFileReference; lastKnownFileType = wrapper.framework; name = "CFNetwork.framework"; path = "System/Library/Frameworks/CFNetwork.framework"; sourceTree = SDKROOT; fileEncoding = 4; };
		976C42CC5EB44CBFBA8F5844 /* MyMainViewController.m */ = {isa = PBXFileReference; lastKnownFileType = sourcecode.c.objc; name = "MyMainViewController.m"; path = "com.telerik.plugins.wkwebview/MyMainViewController.m"; sourceTree = "<group>"; fileEncoding = 4; };
		A8C4BAB76E464F00A00ECC98 /* AppDelegate+WKWebViewPolyfill.m */ = {isa = PBXFileReference; lastKnownFileType = sourcecode.c.objc; name = "AppDelegate+WKWebViewPolyfill.m"; path = "com.telerik.plugins.wkwebview/AppDelegate+WKWebViewPolyfill.m"; sourceTree = "<group>"; fileEncoding = 4; };
		E962FCE745F64629ACCC6999 /* ReroutingUIWebView.m */ = {isa = PBXFileReference; lastKnownFileType = sourcecode.c.objc; name = "ReroutingUIWebView.m"; path = "com.telerik.plugins.wkwebview/ReroutingUIWebView.m"; sourceTree = "<group>"; fileEncoding = 4; };
		B63C0CF905E84465A9EDB770 /* CDVWebViewOperationsDelegate.m */ = {isa = PBXFileReference; lastKnownFileType = sourcecode.c.objc; name = "CDVWebViewOperationsDelegate.m"; path = "com.telerik.plugins.wkwebview/CDVWebViewOperationsDelegate.m"; sourceTree = "<group>"; fileEncoding = 4; };
		5684BE59FFF744D4B9E9A961 /* CDVWebViewUIDelegate.m */ = {isa = PBXFileReference; lastKnownFileType = sourcecode.c.objc; name = "CDVWebViewUIDelegate.m"; path = "com.telerik.plugins.wkwebview/CDVWebViewUIDelegate.m"; sourceTree = "<group>"; fileEncoding = 4; };
		D2385160EDB44DBCB06EF9D7 /* MyMainViewController.h */ = {isa = PBXFileReference; lastKnownFileType = sourcecode.c.h; name = "MyMainViewController.h"; path = "com.telerik.plugins.wkwebview/MyMainViewController.h"; sourceTree = "<group>"; fileEncoding = 4; };
		40B634ECB6DA49D2B10953AE /* AppDelegate+WKWebViewPolyfill.h */ = {isa = PBXFileReference; lastKnownFileType = sourcecode.c.h; name = "AppDelegate+WKWebViewPolyfill.h"; path = "com.telerik.plugins.wkwebview/AppDelegate+WKWebViewPolyfill.h"; sourceTree = "<group>"; fileEncoding = 4; };
		8129C1652EC54B368EEB277E /* ReroutingUIWebView.h */ = {isa = PBXFileReference; lastKnownFileType = sourcecode.c.h; name = "ReroutingUIWebView.h"; path = "com.telerik.plugins.wkwebview/ReroutingUIWebView.h"; sourceTree = "<group>"; fileEncoding = 4; };
		B796D72C98B74639AE216463 /* CDVWebViewOperationsDelegate.h */ = {isa = PBXFileReference; lastKnownFileType = sourcecode.c.h; name = "CDVWebViewOperationsDelegate.h"; path = "com.telerik.plugins.wkwebview/CDVWebViewOperationsDelegate.h"; sourceTree = "<group>"; fileEncoding = 4; };
		7745DD54759F4D5CA0A3BF87 /* CDVWebViewUIDelegate.h */ = {isa = PBXFileReference; lastKnownFileType = sourcecode.c.h; name = "CDVWebViewUIDelegate.h"; path = "com.telerik.plugins.wkwebview/CDVWebViewUIDelegate.h"; sourceTree = "<group>"; fileEncoding = 4; };
		E16AC74F746E460D84DF1CD0 /* WebKit.framework */ = {isa = PBXFileReference; lastKnownFileType = wrapper.framework; name = "WebKit.framework"; path = "System/Library/Frameworks/WebKit.framework"; sourceTree = SDKROOT; fileEncoding = 4; };
/* End PBXFileReference section */

/* Begin PBXFrameworksBuildPhase section */
		1D60588F0D05DD3D006BFB54 /* Frameworks */ = {
			isa = PBXFrameworksBuildPhase;
			buildActionMask = 2147483647;
			files = (
				5B1594DD16A7569C00FEF299 /* AssetsLibrary.framework in Frameworks */,
				301BF552109A68D80062928A /* libCordova.a in Frameworks */,
				288765FD0DF74451002DB57D /* CoreGraphics.framework in Frameworks */,
				305D5FD1115AB8F900A74A75 /* MobileCoreServices.framework in Frameworks */,
				9F68709A476D4DC89AF9029D /* CoreBluetooth.framework in Frameworks */,
				776A778BCAA14EC1844DCE14 /* CoreLocation.framework in Frameworks */,
				1AD302744BBF45FC813E85C1 /* SystemConfiguration.framework in Frameworks */,
				065A7C06CA9943DBA64D2604 /* GCDWebServer.framework in Frameworks */,
				B3B909F7B3C042E0B27DC509 /* libz.dylib in Frameworks */,
				70F91F79C7D94B5788FED1E6 /* CFNetwork.framework in Frameworks */,
				E320F0F7376246FF881715BB /* WebKit.framework in Frameworks */,
			);
			runOnlyForDeploymentPostprocessing = 0;
		};
/* End PBXFrameworksBuildPhase section */

/* Begin PBXGroup section */
		080E96DDFE201D6D7F000001 /* Classes */ = {
			isa = PBXGroup;
			children = (
				302D95EE14D2391D003F00A1 /* MainViewController.h */,
				302D95EF14D2391D003F00A1 /* MainViewController.m */,
				302D95F014D2391D003F00A1 /* MainViewController.xib */,
				1D3623240D0F684500981E51 /* AppDelegate.h */,
				1D3623250D0F684500981E51 /* AppDelegate.m */,
			);
			name = Classes;
			path = "Sabae Library Map/Classes";
			sourceTree = SOURCE_ROOT;
		};
		19C28FACFE9D520D11CA2CBB /* Products */ = {
			isa = PBXGroup;
			children = (
				1D6058910D05DD3D006BFB54 /* Sabae Library Map.app */,
			);
			name = Products;
			sourceTree = "<group>";
		};
		29B97314FDCFA39411CA2CEA /* CustomTemplate */ = {
			isa = PBXGroup;
			children = (
				EB87FDF41871DAF40020F90C /* config.xml */,
				EB87FDF31871DA8E0020F90C /* www */,
				EB87FDF21871DA7A0020F90C /* merges */,
				EB87FDF11871DA420020F90C /* Staging */,
				301BF52D109A57CC0062928A /* CordovaLib.xcodeproj */,
				080E96DDFE201D6D7F000001 /* Classes */,
				307C750510C5A3420062BCA9 /* Plugins */,
				29B97315FDCFA39411CA2CEA /* Other Sources */,
				29B97317FDCFA39411CA2CEA /* Resources */,
				29B97323FDCFA39411CA2CEA /* Frameworks */,
				19C28FACFE9D520D11CA2CBB /* Products */,
			);
			name = CustomTemplate;
			sourceTree = "<group>";
		};
		29B97315FDCFA39411CA2CEA /* Other Sources */ = {
			isa = PBXGroup;
			children = (
				32CA4F630368D1EE00C91783 /* Sabae Library Map-Prefix.pch */,
				29B97316FDCFA39411CA2CEA /* main.m */,
			);
			name = "Other Sources";
			path = "Sabae Library Map";
			sourceTree = "<group>";
		};
		29B97317FDCFA39411CA2CEA /* Resources */ = {
			isa = PBXGroup;
			children = (
				2457EFBA1B98036100B01797 /* Images.xcassets */,
				8D1107310486CEB800E47090 /* Sabae Library Map-Info.plist */,
				2482727F1BBBCB7200B477BE /* InfoPlist.strings */,
			);
			name = Resources;
			path = "Sabae Library Map/Resources";
			sourceTree = "<group>";
		};
		29B97323FDCFA39411CA2CEA /* Frameworks */ = {
			isa = PBXGroup;
			children = (
				5B1594DC16A7569C00FEF299 /* AssetsLibrary.framework */,
				288765FC0DF74451002DB57D /* CoreGraphics.framework */,
				305D5FD0115AB8F900A74A75 /* MobileCoreServices.framework */,
				9CCB303AF752430C954E2D12 /* CoreBluetooth.framework */,
				38AA41DEE4354828B155E09A /* CoreLocation.framework */,
				EDE00D39AC2041D6A2F9FE12 /* SystemConfiguration.framework */,
				BE2618D063C94AFFA9A4CCAA /* GCDWebServer.framework */,
				19F43D9C4C434FE0BC471F8F /* libz.dylib */,
				D8C6DC17BC4A4E3085F35493 /* CFNetwork.framework */,
				E16AC74F746E460D84DF1CD0 /* WebKit.framework */,
			);
			name = Frameworks;
			sourceTree = "<group>";
		};
		301BF52E109A57CC0062928A /* Products */ = {
			isa = PBXGroup;
			children = (
				301BF535109A57CC0062928A /* libCordova.a */,
			);
			name = Products;
			sourceTree = "<group>";
		};
		307C750510C5A3420062BCA9 /* Plugins */ = {
			isa = PBXGroup;
			children = (
				196A654E1FFF48EDB91316F2 /* CDVLocationManager.m */,
				CC5C6DF260C842FB9D2C60FA /* AppDelegate+CDVLocationManager.m */,
				01526467E62443F18531FD92 /* LMLogger.m */,
				D38C2BA3750B417EB6697DF7 /* CDVLocationManager.h */,
				DE2CB127C463484EAFBAB674 /* AppDelegate+CDVLocationManager.h */,
				F0853FCA365E4F799CFD4442 /* LMLogger.h */,
				CC03D46C196749F2B90961A1 /* CDVInAppBrowser.m */,
				9DE8A24E71E6484A8807D70A /* CDVInAppBrowser.h */,
				F2DD706EC1E342A8ADFC8BEA /* CDVSplashScreen.m */,
				7FDB160D28C34510BF314CF4 /* CDVViewController+SplashScreen.m */,
				79F653C41184453FB315F602 /* CDVSplashScreen.h */,
				0B4AF0B3F7B74B5481CCE50D /* CDVViewController+SplashScreen.h */,
				48D462956309431E995E6FDB /* CDVDevice.m */,
				6229FBC31ED64A0F8655E8A4 /* CDVDevice.h */,
				13A122CD08EF4F649FA811FB /* IonicKeyboard.m */,
				61551C35E5C54BE8B125006B /* UIWebViewExtension.m */,
				E0E2ADDD922149D981394F9F /* IonicKeyboard.h */,
				B57658F93321492A879FFC64 /* UIWebViewExtension.h */,
				B7305099D7DC4E35AE9F7013 /* CDVConnection.m */,
				7BA0A6C716434239A3EE845E /* CDVReachability.m */,
				48C8D2FB1069478CAF2A3DBE /* CDVConnection.h */,
				EE727B9DBB8D4FBCB2DC33E1 /* CDVReachability.h */,
				45A0ECB52E9C47378D6D27D0 /* BluetoothStatus.m */,
				C35C9B1B59A94F0290452817 /* CDVCompass.m */,
				05A6CB05B1EE4EEE9430F0F1 /* CDVCompass.h */,
				976C42CC5EB44CBFBA8F5844 /* MyMainViewController.m */,
				A8C4BAB76E464F00A00ECC98 /* AppDelegate+WKWebViewPolyfill.m */,
				E962FCE745F64629ACCC6999 /* ReroutingUIWebView.m */,
				B63C0CF905E84465A9EDB770 /* CDVWebViewOperationsDelegate.m */,
				5684BE59FFF744D4B9E9A961 /* CDVWebViewUIDelegate.m */,
				D2385160EDB44DBCB06EF9D7 /* MyMainViewController.h */,
				40B634ECB6DA49D2B10953AE /* AppDelegate+WKWebViewPolyfill.h */,
				8129C1652EC54B368EEB277E /* ReroutingUIWebView.h */,
				B796D72C98B74639AE216463 /* CDVWebViewOperationsDelegate.h */,
				7745DD54759F4D5CA0A3BF87 /* CDVWebViewUIDelegate.h */,
			);
			name = Plugins;
			path = "Sabae Library Map/Plugins";
			sourceTree = SOURCE_ROOT;
		};
		EB87FDF11871DA420020F90C /* Staging */ = {
			isa = PBXGroup;
			children = (
				F840E1F0165FE0F500CFE078 /* config.xml */,
				301BF56E109A69640062928A /* www */,
			);
			name = Staging;
			sourceTree = "<group>";
		};
/* End PBXGroup section */

/* Begin PBXNativeTarget section */
		1D6058900D05DD3D006BFB54 /* Sabae Library Map */ = {
			isa = PBXNativeTarget;
			buildConfigurationList = 1D6058960D05DD3E006BFB54 /* Build configuration list for PBXNativeTarget "Sabae Library Map" */;
			buildPhases = (
				304B58A110DAC018002A0835 /* Copy www directory */,
				1D60588D0D05DD3D006BFB54 /* Resources */,
				1D60588E0D05DD3D006BFB54 /* Sources */,
				1D60588F0D05DD3D006BFB54 /* Frameworks */,
			);
			buildRules = (
			);
			dependencies = (
				301BF551109A68C00062928A /* PBXTargetDependency */,
			);
			name = "Sabae Library Map";
			productName = "Sabae Library Map";
			productReference = 1D6058910D05DD3D006BFB54 /* Sabae Library Map.app */;
			productType = "com.apple.product-type.application";
		};
/* End PBXNativeTarget section */

/* Begin PBXProject section */
		29B97313FDCFA39411CA2CEA /* Project object */ = {
			isa = PBXProject;
			attributes = {
				LastUpgradeCheck = 510;
				TargetAttributes = {
					1D6058900D05DD3D006BFB54 = {
						DevelopmentTeam = NZ237E3B2Y;
					};
				};
			};
			buildConfigurationList = C01FCF4E08A954540054247B /* Build configuration list for PBXProject "Sabae Library Map" */;
			compatibilityVersion = "Xcode 3.2";
			developmentRegion = English;
			hasScannedForEncodings = 1;
			knownRegions = (
				English,
				Japanese,
				French,
				German,
				ja,
			);
			mainGroup = 29B97314FDCFA39411CA2CEA /* CustomTemplate */;
			projectDirPath = "";
			projectReferences = (
				{
					ProductGroup = 301BF52E109A57CC0062928A /* Products */;
					ProjectRef = 301BF52D109A57CC0062928A /* CordovaLib.xcodeproj */;
				},
			);
			projectRoot = "";
			targets = (
				1D6058900D05DD3D006BFB54 /* Sabae Library Map */,
			);
		};
/* End PBXProject section */

/* Begin PBXReferenceProxy section */
		301BF535109A57CC0062928A /* libCordova.a */ = {
			isa = PBXReferenceProxy;
			fileType = archive.ar;
			path = libCordova.a;
			remoteRef = 301BF534109A57CC0062928A /* PBXContainerItemProxy */;
			sourceTree = BUILT_PRODUCTS_DIR;
		};
/* End PBXReferenceProxy section */

/* Begin PBXResourcesBuildPhase section */
		1D60588D0D05DD3D006BFB54 /* Resources */ = {
			isa = PBXResourcesBuildPhase;
			buildActionMask = 2147483647;
			files = (
				302D95F214D2391D003F00A1 /* MainViewController.xib in Resources */,
				2482727D1BBBCB7200B477BE /* InfoPlist.strings in Resources */,
				2457EFBB1B98036100B01797 /* Images.xcassets in Resources */,
			);
			runOnlyForDeploymentPostprocessing = 0;
		};
/* End PBXResourcesBuildPhase section */

/* Begin PBXShellScriptBuildPhase section */
		304B58A110DAC018002A0835 /* Copy www directory */ = {
			isa = PBXShellScriptBuildPhase;
			buildActionMask = 2147483647;
			files = (
			);
			inputPaths = (
			);
			name = "Copy www directory";
			outputPaths = (
			);
			runOnlyForDeploymentPostprocessing = 0;
			shellPath = /bin/sh;
			shellScript = "NODEJS_PATH=/usr/local/bin; NVM_NODE_PATH=~/.nvm/versions/node/`nvm version 2>/dev/null`/bin; N_NODE_PATH=`find /usr/local/n/versions/node/* -maxdepth 0 -type d 2>/dev/null | tail -1`/bin; XCODE_NODE_PATH=`xcode-select --print-path`/usr/share/xcs/Node/bin; PATH=$NODEJS_PATH:$NVM_NODE_PATH:$N_NODE_PATH:$XCODE_NODE_PATH:$PATH && node cordova/lib/copy-www-build-step.js";
			showEnvVarsInLog = 0;
		};
/* End PBXShellScriptBuildPhase section */

/* Begin PBXSourcesBuildPhase section */
		1D60588E0D05DD3D006BFB54 /* Sources */ = {
			isa = PBXSourcesBuildPhase;
			buildActionMask = 2147483647;
			files = (
				1D60589B0D05DD56006BFB54 /* main.m in Sources */,
				1D3623260D0F684500981E51 /* AppDelegate.m in Sources */,
				302D95F114D2391D003F00A1 /* MainViewController.m in Sources */,
				A6B07E686A644E54843C6D1A /* CDVLocationManager.m in Sources */,
				4A09C606C7F241E482A075C8 /* AppDelegate+CDVLocationManager.m in Sources */,
				4BCFBD0F90A34AF5B22545E5 /* LMLogger.m in Sources */,
				69ABB0AFF598493F9F745A10 /* CDVInAppBrowser.m in Sources */,
				0CAC460A0E324B37A46F08CC /* CDVSplashScreen.m in Sources */,
				7E542307985A421BA511C39D /* CDVViewController+SplashScreen.m in Sources */,
				91C86B875CB64B0AAB923EDF /* CDVDevice.m in Sources */,
				6D3C9308881B40BEBEBE7C2D /* IonicKeyboard.m in Sources */,
				2FE6060294A44088A3B15644 /* UIWebViewExtension.m in Sources */,
				018680467BB34AA29E5BB699 /* CDVConnection.m in Sources */,
				4F6942D58187451EA784C817 /* CDVReachability.m in Sources */,
				800351DEB3E241D0A861200D /* BluetoothStatus.m in Sources */,
				A84464C09A8C4FF6B7FC002E /* CDVCompass.m in Sources */,
				6D7F0F802B634B55B4ACE9FE /* MyMainViewController.m in Sources */,
				C6781C2DFD494B62BFDBBD6A /* AppDelegate+WKWebViewPolyfill.m in Sources */,
				199AD384A7E64E908E0F3F27 /* ReroutingUIWebView.m in Sources */,
				7C762FD3AC874DA798DCB383 /* CDVWebViewOperationsDelegate.m in Sources */,
				15A97B7EF02E43B8AC3845B8 /* CDVWebViewUIDelegate.m in Sources */,
			);
			runOnlyForDeploymentPostprocessing = 0;
		};
/* End PBXSourcesBuildPhase section */

/* Begin PBXTargetDependency section */
		301BF551109A68C00062928A /* PBXTargetDependency */ = {
			isa = PBXTargetDependency;
			name = CordovaLib;
			targetProxy = 301BF550109A68C00062928A /* PBXContainerItemProxy */;
		};
/* End PBXTargetDependency section */

/* Begin PBXVariantGroup section */
		2482727F1BBBCB7200B477BE /* InfoPlist.strings */ = {
			isa = PBXVariantGroup;
			children = (
				2482727E1BBBCB7200B477BE /* en */,
				248272801BBBCB8200B477BE /* ja */,
			);
			name = InfoPlist.strings;
			sourceTree = "<group>";
		};
/* End PBXVariantGroup section */

/* Begin XCBuildConfiguration section */
		1D6058940D05DD3E006BFB54 /* Debug */ = {
			isa = XCBuildConfiguration;
			buildSettings = {
				ALWAYS_SEARCH_USER_PATHS = NO;
				ASSETCATALOG_COMPILER_APPICON_NAME = AppIcon;
				ASSETCATALOG_COMPILER_LAUNCHIMAGE_NAME = LaunchImage;
				CLANG_ENABLE_OBJC_ARC = YES;
				CODE_SIGN_IDENTITY = "iPhone Developer";
				COPY_PHASE_STRIP = NO;
				ENABLE_BITCODE = YES;
				FRAMEWORK_SEARCH_PATHS = (
					"$(inherited)",
					"\"Sabae Library Map/Plugins/cordova-plugin-webserver\"",
				);
				GCC_DYNAMIC_NO_PIC = NO;
				GCC_OPTIMIZATION_LEVEL = 0;
				GCC_PRECOMPILE_PREFIX_HEADER = YES;
				GCC_PREFIX_HEADER = "Sabae Library Map/Sabae Library Map-Prefix.pch";
				GCC_THUMB_SUPPORT = NO;
				GCC_VERSION = "";
				INFOPLIST_FILE = "Sabae Library Map/Sabae Library Map-Info.plist";
				IPHONEOS_DEPLOYMENT_TARGET = 8.1;
				OTHER_LDFLAGS = (
					"-weak_framework",
					CoreFoundation,
					"-weak_framework",
					UIKit,
					"-weak_framework",
					AVFoundation,
					"-weak_framework",
					CoreMedia,
					"-weak-lSystem",
					"-ObjC",
				);
				PRODUCT_NAME = "Sabae Library Map";
				TARGETED_DEVICE_FAMILY = "1,2";
			};
			name = Debug;
		};
		1D6058950D05DD3E006BFB54 /* Release */ = {
			isa = XCBuildConfiguration;
			buildSettings = {
				ALWAYS_SEARCH_USER_PATHS = NO;
				ASSETCATALOG_COMPILER_APPICON_NAME = AppIcon;
				ASSETCATALOG_COMPILER_LAUNCHIMAGE_NAME = LaunchImage;
				CLANG_ENABLE_OBJC_ARC = YES;
				CODE_SIGN_IDENTITY = "iPhone Developer";
				COPY_PHASE_STRIP = YES;
				ENABLE_BITCODE = YES;
				FRAMEWORK_SEARCH_PATHS = (
					"$(inherited)",
					"\"Sabae Library Map/Plugins/cordova-plugin-webserver\"",
				);
				GCC_PRECOMPILE_PREFIX_HEADER = YES;
				GCC_PREFIX_HEADER = "Sabae Library Map/Sabae Library Map-Prefix.pch";
				GCC_THUMB_SUPPORT = NO;
				GCC_VERSION = "";
				INFOPLIST_FILE = "Sabae Library Map/Sabae Library Map-Info.plist";
				IPHONEOS_DEPLOYMENT_TARGET = 8.1;
				OTHER_LDFLAGS = (
					"-weak_framework",
					CoreFoundation,
					"-weak_framework",
					UIKit,
					"-weak_framework",
					AVFoundation,
					"-weak_framework",
					CoreMedia,
					"-weak-lSystem",
					"-ObjC",
				);
				PRODUCT_NAME = "Sabae Library Map";
				TARGETED_DEVICE_FAMILY = "1,2";
				"VALID_ARCHS[sdk=*]" = "arm64 armv7 armv7s";
			};
			name = Release;
		};
		C01FCF4F08A954540054247B /* Debug */ = {
			isa = XCBuildConfiguration;
			buildSettings = {
				CLANG_ENABLE_OBJC_ARC = YES;
				CLANG_WARN_BOOL_CONVERSION = YES;
				CLANG_WARN_CONSTANT_CONVERSION = YES;
				CLANG_WARN_EMPTY_BODY = YES;
				CLANG_WARN_ENUM_CONVERSION = YES;
				CLANG_WARN_INT_CONVERSION = YES;
				CLANG_WARN__DUPLICATE_METHOD_MATCH = YES;
				"CODE_SIGN_IDENTITY[sdk=iphoneos*]" = "iPhone Developer";
				GCC_C_LANGUAGE_STANDARD = c99;
				GCC_THUMB_SUPPORT = NO;
				GCC_VERSION = "";
				GCC_WARN_ABOUT_RETURN_TYPE = YES;
				GCC_WARN_UNDECLARED_SELECTOR = YES;
				GCC_WARN_UNINITIALIZED_AUTOS = YES;
				GCC_WARN_UNUSED_FUNCTION = YES;
				GCC_WARN_UNUSED_VARIABLE = YES;
				HEADER_SEARCH_PATHS = (
					"\"$(TARGET_BUILD_DIR)/usr/local/lib/include\"",
					"\"$(OBJROOT)/UninstalledProducts/include\"",
					"\"$(BUILT_PRODUCTS_DIR)\"",
				);
				IPHONEOS_DEPLOYMENT_TARGET = 8.1;
				ONLY_ACTIVE_ARCH = YES;
				OTHER_LDFLAGS = (
					"-weak_framework",
					CoreFoundation,
					"-weak_framework",
					UIKit,
					"-weak_framework",
					AVFoundation,
					"-weak_framework",
					CoreMedia,
					"-weak-lSystem",
					"-ObjC",
				);
				SDKROOT = iphoneos;
				SKIP_INSTALL = NO;
				USER_HEADER_SEARCH_PATHS = "";
			};
			name = Debug;
		};
		C01FCF5008A954540054247B /* Release */ = {
			isa = XCBuildConfiguration;
			buildSettings = {
				CLANG_ENABLE_OBJC_ARC = YES;
				CLANG_WARN_BOOL_CONVERSION = YES;
				CLANG_WARN_CONSTANT_CONVERSION = YES;
				CLANG_WARN_EMPTY_BODY = YES;
				CLANG_WARN_ENUM_CONVERSION = YES;
				CLANG_WARN_INT_CONVERSION = YES;
				CLANG_WARN__DUPLICATE_METHOD_MATCH = YES;
				"CODE_SIGN_IDENTITY[sdk=iphoneos*]" = "iPhone Developer";
				GCC_C_LANGUAGE_STANDARD = c99;
				GCC_THUMB_SUPPORT = NO;
				GCC_VERSION = "";
				GCC_WARN_ABOUT_RETURN_TYPE = YES;
				GCC_WARN_UNDECLARED_SELECTOR = YES;
				GCC_WARN_UNINITIALIZED_AUTOS = YES;
				GCC_WARN_UNUSED_FUNCTION = YES;
				GCC_WARN_UNUSED_VARIABLE = YES;
				HEADER_SEARCH_PATHS = (
					"\"$(TARGET_BUILD_DIR)/usr/local/lib/include\"",
					"\"$(OBJROOT)/UninstalledProducts/include\"",
					"\"$(BUILT_PRODUCTS_DIR)\"",
				);
				IPHONEOS_DEPLOYMENT_TARGET = 8.1;
				OTHER_LDFLAGS = (
					"-weak_framework",
					CoreFoundation,
					"-weak_framework",
					UIKit,
					"-weak_framework",
					AVFoundation,
					"-weak_framework",
					CoreMedia,
					"-weak-lSystem",
					"-ObjC",
				);
				SDKROOT = iphoneos;
				SKIP_INSTALL = NO;
				USER_HEADER_SEARCH_PATHS = "";
			};
			name = Release;
		};
/* End XCBuildConfiguration section */

/* Begin XCConfigurationList section */
		1D6058960D05DD3E006BFB54 /* Build configuration list for PBXNativeTarget "Sabae Library Map" */ = {
			isa = XCConfigurationList;
			buildConfigurations = (
				1D6058940D05DD3E006BFB54 /* Debug */,
				1D6058950D05DD3E006BFB54 /* Release */,
			);
			defaultConfigurationIsVisible = 0;
			defaultConfigurationName = Release;
		};
		C01FCF4E08A954540054247B /* Build configuration list for PBXProject "Sabae Library Map" */ = {
			isa = XCConfigurationList;
			buildConfigurations = (
				C01FCF4F08A954540054247B /* Debug */,
				C01FCF5008A954540054247B /* Release */,
			);
			defaultConfigurationIsVisible = 0;
			defaultConfigurationName = Release;
		};
/* End XCConfigurationList section */
	};
	rootObject = 29B97313FDCFA39411CA2CEA /* Project object */;
}
